
Microsoft Visual Studio Solution File, Format Version 12.00
# Visual Studio Version 17
VisualStudioVersion = 17.0.31903.59
MinimumVisualStudioVersion = 10.0.40219.1
Project("{9A19103F-16F7-4668-BE54-9A1E7A4F7556}") = "WebApi", "WebApi\WebApi.csproj", "{CDCB4F50-C5B8-4C11-BC0E-4ADB84088B81}"
EndProject
Project("{9A19103F-16F7-4668-BE54-9A1E7A4F7556}") = "Entities", "Entities\Entities.csproj", "{4429730D-89A8-47C4-BF71-5A5D63B6EEE5}"
EndProject
Project("{9A19103F-16F7-4668-BE54-9A1E7A4F7556}") = "Repositories", "Repositories\Repositories.csproj", "{D9783DD0-4B4F-484F-9B3E-901B8C81807D}"
EndProject
Project("{FAE04EC0-301F-11D3-BF4B-00C04F79EFBC}") = "Services", "Services\Services.csproj", "{535CB8F9-7BE2-4972-BE20-02AAD029AEE8}"
EndProject
Project("{FAE04EC0-301F-11D3-BF4B-00C04F79EFBC}") = "Presentation", "Presentation\Presentation.csproj", "{93573B1E-8DC4-4BAB-B271-A285F23DB0FF}"
EndProject
Global
	GlobalSection(SolutionConfigurationPlatforms) = preSolution
		Debug|Any CPU = Debug|Any CPU
		Release|Any CPU = Release|Any CPU
	EndGlobalSection
	GlobalSection(ProjectConfigurationPlatforms) = postSolution
		{CDCB4F50-C5B8-4C11-BC0E-4ADB84088B81}.Debug|Any CPU.ActiveCfg = Debug|Any CPU
		{CDCB4F50-C5B8-4C11-BC0E-4ADB84088B81}.Debug|Any CPU.Build.0 = Debug|Any CPU
		{CDCB4F50-C5B8-4C11-BC0E-4ADB84088B81}.Release|Any CPU.ActiveCfg = Release|Any CPU
		{CDCB4F50-C5B8-4C11-BC0E-4ADB84088B81}.Release|Any CPU.Build.0 = Release|Any CPU
		{4429730D-89A8-47C4-BF71-5A5D63B6EEE5}.Debug|Any CPU.ActiveCfg = Debug|Any CPU
		{4429730D-89A8-47C4-BF71-5A5D63B6EEE5}.Debug|Any CPU.Build.0 = Debug|Any CPU
		{4429730D-89A8-47C4-BF71-5A5D63B6EEE5}.Release|Any CPU.ActiveCfg = Release|Any CPU
		{4429730D-89A8-47C4-BF71-5A5D63B6EEE5}.Release|Any CPU.Build.0 = Release|Any CPU
		{D9783DD0-4B4F-484F-9B3E-901B8C81807D}.Debug|Any CPU.ActiveCfg = Debug|Any CPU
		{D9783DD0-4B4F-484F-9B3E-901B8C81807D}.Debug|Any CPU.Build.0 = Debug|Any CPU
		{D9783DD0-4B4F-484F-9B3E-901B8C81807D}.Release|Any CPU.ActiveCfg = Release|Any CPU
		{D9783DD0-4B4F-484F-9B3E-901B8C81807D}.Release|Any CPU.Build.0 = Release|Any CPU
		{535CB8F9-7BE2-4972-BE20-02AAD029AEE8}.Debug|Any CPU.ActiveCfg = Debug|Any CPU
		{535CB8F9-7BE2-4972-BE20-02AAD029AEE8}.Debug|Any CPU.Build.0 = Debug|Any CPU
		{535CB8F9-7BE2-4972-BE20-02AAD029AEE8}.Release|Any CPU.ActiveCfg = Release|Any CPU
		{535CB8F9-7BE2-4972-BE20-02AAD029AEE8}.Release|Any CPU.Build.0 = Release|Any CPU
		{93573B1E-8DC4-4BAB-B271-A285F23DB0FF}.Debug|Any CPU.ActiveCfg = Debug|Any CPU
		{93573B1E-8DC4-4BAB-B271-A285F23DB0FF}.Debug|Any CPU.Build.0 = Debug|Any CPU
		{93573B1E-8DC4-4BAB-B271-A285F23DB0FF}.Release|Any CPU.ActiveCfg = Release|Any CPU
		{93573B1E-8DC4-4BAB-B271-A285F23DB0FF}.Release|Any CPU.Build.0 = Release|Any CPU
	EndGlobalSection
	GlobalSection(SolutionProperties) = preSolution
		HideSolutionNode = FALSE
	EndGlobalSection
	GlobalSection(ExtensibilityGlobals) = postSolution
		SolutionGuid = {9FAE3CC4-C6F6-43BA-8D87-F12020CE5C8F}
	EndGlobalSection
EndGlobal
